
Microsoft Visual Studio Solution File, Format Version 12.00
# Visual Studio 2013
VisualStudioVersion = 12.0.31101.0
MinimumVisualStudioVersion = 10.0.40219.1
Project("{FAE04EC0-301F-11D3-BF4B-00C04F79EFBC}") = "01.HumanStudentWorker", "01.HumanStudentWorker\01.HumanStudentWorker.csproj", "{4D8F87C8-DEF4-4237-8173-972177E8ECE6}"
EndProject
Project("{FAE04EC0-301F-11D3-BF4B-00C04F79EFBC}") = "02.Animals", "02.Animals\02.Animals.csproj", "{3766A897-B919-4AE5-928F-A7005AF405C7}"
EndProject
Project("{FAE04EC0-301F-11D3-BF4B-00C04F79EFBC}") = "03.CompanyHierarchy", "03.CompanyHierarchy\03.CompanyHierarchy.csproj", "{A03083A4-473E-45A4-AEB0-7A946E7179B9}"
EndProject
Global
	GlobalSection(SolutionConfigurationPlatforms) = preSolution
		Debug|Any CPU = Debug|Any CPU
		Release|Any CPU = Release|Any CPU
	EndGlobalSection
	GlobalSection(ProjectConfigurationPlatforms) = postSolution
		{4D8F87C8-DEF4-4237-8173-972177E8ECE6}.Debug|Any CPU.ActiveCfg = Debug|Any CPU
		{4D8F87C8-DEF4-4237-8173-972177E8ECE6}.Debug|Any CPU.Build.0 = Debug|Any CPU
		{4D8F87C8-DEF4-4237-8173-972177E8ECE6}.Release|Any CPU.ActiveCfg = Release|Any CPU
		{4D8F87C8-DEF4-4237-8173-972177E8ECE6}.Release|Any CPU.Build.0 = Release|Any CPU
		{3766A897-B919-4AE5-928F-A7005AF405C7}.Debug|Any CPU.ActiveCfg = Debug|Any CPU
		{3766A897-B919-4AE5-928F-A7005AF405C7}.Debug|Any CPU.Build.0 = Debug|Any CPU
		{3766A897-B919-4AE5-928F-A7005AF405C7}.Release|Any CPU.ActiveCfg = Release|Any CPU
		{3766A897-B919-4AE5-928F-A7005AF405C7}.Release|Any CPU.Build.0 = Release|Any CPU
		{A03083A4-473E-45A4-AEB0-7A946E7179B9}.Debug|Any CPU.ActiveCfg = Debug|Any CPU
		{A03083A4-473E-45A4-AEB0-7A946E7179B9}.Debug|Any CPU.Build.0 = Debug|Any CPU
		{A03083A4-473E-45A4-AEB0-7A946E7179B9}.Release|Any CPU.ActiveCfg = Release|Any CPU
		{A03083A4-473E-45A4-AEB0-7A946E7179B9}.Release|Any CPU.Build.0 = Release|Any CPU
	EndGlobalSection
	GlobalSection(SolutionProperties) = preSolution
		HideSolutionNode = FALSE
	EndGlobalSection
EndGlobal
