
Microsoft Visual Studio Solution File, Format Version 12.00
# Visual Studio 2013
VisualStudioVersion = 12.0.31101.0
MinimumVisualStudioVersion = 10.0.40219.1
Project("{FAE04EC0-301F-11D3-BF4B-00C04F79EFBC}") = "01-03.Point3D DistCalc Paths", "01.Point3D\01-03.Point3D DistCalc Paths.csproj", "{5A37FC89-D682-4D0F-9375-EF1B4FF732E2}"
EndProject
Project("{FAE04EC0-301F-11D3-BF4B-00C04F79EFBC}") = "04.Namespaces", "04.Namespaces\04.Namespaces.csproj", "{8B25C372-983A-417C-BE81-955751ACB4B8}"
EndProject
Project("{FAE04EC0-301F-11D3-BF4B-00C04F79EFBC}") = "05+.HTMLDispatcher", "05+.HTMLDispatcher\05+.HTMLDispatcher.csproj", "{D76CAE0A-50FC-4B66-BAB6-8A77D085142F}"
EndProject
Project("{FAE04EC0-301F-11D3-BF4B-00C04F79EFBC}") = "06++.BitArray", "06+.BitArray\06++.BitArray.csproj", "{380F25B0-2580-400D-992F-4ECB3D357E1B}"
EndProject
Global
	GlobalSection(SolutionConfigurationPlatforms) = preSolution
		Debug|Any CPU = Debug|Any CPU
		Release|Any CPU = Release|Any CPU
	EndGlobalSection
	GlobalSection(ProjectConfigurationPlatforms) = postSolution
		{5A37FC89-D682-4D0F-9375-EF1B4FF732E2}.Debug|Any CPU.ActiveCfg = Debug|Any CPU
		{5A37FC89-D682-4D0F-9375-EF1B4FF732E2}.Debug|Any CPU.Build.0 = Debug|Any CPU
		{5A37FC89-D682-4D0F-9375-EF1B4FF732E2}.Release|Any CPU.ActiveCfg = Release|Any CPU
		{5A37FC89-D682-4D0F-9375-EF1B4FF732E2}.Release|Any CPU.Build.0 = Release|Any CPU
		{8B25C372-983A-417C-BE81-955751ACB4B8}.Debug|Any CPU.ActiveCfg = Debug|Any CPU
		{8B25C372-983A-417C-BE81-955751ACB4B8}.Debug|Any CPU.Build.0 = Debug|Any CPU
		{8B25C372-983A-417C-BE81-955751ACB4B8}.Release|Any CPU.ActiveCfg = Release|Any CPU
		{8B25C372-983A-417C-BE81-955751ACB4B8}.Release|Any CPU.Build.0 = Release|Any CPU
		{D76CAE0A-50FC-4B66-BAB6-8A77D085142F}.Debug|Any CPU.ActiveCfg = Debug|Any CPU
		{D76CAE0A-50FC-4B66-BAB6-8A77D085142F}.Debug|Any CPU.Build.0 = Debug|Any CPU
		{D76CAE0A-50FC-4B66-BAB6-8A77D085142F}.Release|Any CPU.ActiveCfg = Release|Any CPU
		{D76CAE0A-50FC-4B66-BAB6-8A77D085142F}.Release|Any CPU.Build.0 = Release|Any CPU
		{380F25B0-2580-400D-992F-4ECB3D357E1B}.Debug|Any CPU.ActiveCfg = Debug|Any CPU
		{380F25B0-2580-400D-992F-4ECB3D357E1B}.Debug|Any CPU.Build.0 = Debug|Any CPU
		{380F25B0-2580-400D-992F-4ECB3D357E1B}.Release|Any CPU.ActiveCfg = Release|Any CPU
		{380F25B0-2580-400D-992F-4ECB3D357E1B}.Release|Any CPU.Build.0 = Release|Any CPU
	EndGlobalSection
	GlobalSection(SolutionProperties) = preSolution
		HideSolutionNode = FALSE
	EndGlobalSection
EndGlobal
