
Microsoft Visual Studio Solution File, Format Version 12.00
# Visual Studio 2013
VisualStudioVersion = 12.0.31101.0
MinimumVisualStudioVersion = 10.0.40219.1
Project("{FAE04EC0-301F-11D3-BF4B-00C04F79EFBC}") = "01.CustomLINQExtMethods", "01.CustomLINQExtMethods\01.CustomLINQExtMethods.csproj", "{7A27473A-0001-45AC-A99E-1211994299C8}"
EndProject
Project("{FAE04EC0-301F-11D3-BF4B-00C04F79EFBC}") = "02.InterestCalculator", "02.InterestCalculator\02.InterestCalculator.csproj", "{C3AA3400-2C9D-4219-A78F-0205AD968DA3}"
EndProject
Global
	GlobalSection(SolutionConfigurationPlatforms) = preSolution
		Debug|Any CPU = Debug|Any CPU
		Release|Any CPU = Release|Any CPU
	EndGlobalSection
	GlobalSection(ProjectConfigurationPlatforms) = postSolution
		{7A27473A-0001-45AC-A99E-1211994299C8}.Debug|Any CPU.ActiveCfg = Debug|Any CPU
		{7A27473A-0001-45AC-A99E-1211994299C8}.Debug|Any CPU.Build.0 = Debug|Any CPU
		{7A27473A-0001-45AC-A99E-1211994299C8}.Release|Any CPU.ActiveCfg = Release|Any CPU
		{7A27473A-0001-45AC-A99E-1211994299C8}.Release|Any CPU.Build.0 = Release|Any CPU
		{C3AA3400-2C9D-4219-A78F-0205AD968DA3}.Debug|Any CPU.ActiveCfg = Debug|Any CPU
		{C3AA3400-2C9D-4219-A78F-0205AD968DA3}.Debug|Any CPU.Build.0 = Debug|Any CPU
		{C3AA3400-2C9D-4219-A78F-0205AD968DA3}.Release|Any CPU.ActiveCfg = Release|Any CPU
		{C3AA3400-2C9D-4219-A78F-0205AD968DA3}.Release|Any CPU.Build.0 = Release|Any CPU
	EndGlobalSection
	GlobalSection(SolutionProperties) = preSolution
		HideSolutionNode = FALSE
	EndGlobalSection
EndGlobal
