
Microsoft Visual Studio Solution File, Format Version 12.00
# Visual Studio 2013
VisualStudioVersion = 12.0.21005.1
MinimumVisualStudioVersion = 10.0.40219.1
Project("{FAE04EC0-301F-11D3-BF4B-00C04F79EFBC}") = "1.TravellerBob", "1.TravellerBob\1.TravellerBob.csproj", "{390D1541-2E38-48D0-A796-7633C5930DCE}"
EndProject
Project("{FAE04EC0-301F-11D3-BF4B-00C04F79EFBC}") = "2.SpyHard", "2.SpyHard\2.SpyHard.csproj", "{077548F8-56DA-4A2F-AF32-50078C2493B1}"
EndProject
Project("{FAE04EC0-301F-11D3-BF4B-00C04F79EFBC}") = "3.Headphones", "3.Headphones\3.Headphones.csproj", "{A8FBDB4B-1AEE-4719-BA8B-0A5B8A336573}"
EndProject
Project("{FAE04EC0-301F-11D3-BF4B-00C04F79EFBC}") = "4.SpiralMatrix", "4.SpiralMatrix\4.SpiralMatrix.csproj", "{0314BC6B-5BB7-4260-BF7C-EC9D07CED87F}"
EndProject
Project("{FAE04EC0-301F-11D3-BF4B-00C04F79EFBC}") = "5.PaintBall", "5.PaintBall\5.PaintBall.csproj", "{C9EBBF6E-6967-406B-BE1F-76B6E1696F69}"
EndProject
Global
	GlobalSection(SolutionConfigurationPlatforms) = preSolution
		Debug|Any CPU = Debug|Any CPU
		Release|Any CPU = Release|Any CPU
	EndGlobalSection
	GlobalSection(ProjectConfigurationPlatforms) = postSolution
		{390D1541-2E38-48D0-A796-7633C5930DCE}.Debug|Any CPU.ActiveCfg = Debug|Any CPU
		{390D1541-2E38-48D0-A796-7633C5930DCE}.Debug|Any CPU.Build.0 = Debug|Any CPU
		{390D1541-2E38-48D0-A796-7633C5930DCE}.Release|Any CPU.ActiveCfg = Release|Any CPU
		{390D1541-2E38-48D0-A796-7633C5930DCE}.Release|Any CPU.Build.0 = Release|Any CPU
		{077548F8-56DA-4A2F-AF32-50078C2493B1}.Debug|Any CPU.ActiveCfg = Debug|Any CPU
		{077548F8-56DA-4A2F-AF32-50078C2493B1}.Debug|Any CPU.Build.0 = Debug|Any CPU
		{077548F8-56DA-4A2F-AF32-50078C2493B1}.Release|Any CPU.ActiveCfg = Release|Any CPU
		{077548F8-56DA-4A2F-AF32-50078C2493B1}.Release|Any CPU.Build.0 = Release|Any CPU
		{A8FBDB4B-1AEE-4719-BA8B-0A5B8A336573}.Debug|Any CPU.ActiveCfg = Debug|Any CPU
		{A8FBDB4B-1AEE-4719-BA8B-0A5B8A336573}.Debug|Any CPU.Build.0 = Debug|Any CPU
		{A8FBDB4B-1AEE-4719-BA8B-0A5B8A336573}.Release|Any CPU.ActiveCfg = Release|Any CPU
		{A8FBDB4B-1AEE-4719-BA8B-0A5B8A336573}.Release|Any CPU.Build.0 = Release|Any CPU
		{0314BC6B-5BB7-4260-BF7C-EC9D07CED87F}.Debug|Any CPU.ActiveCfg = Debug|Any CPU
		{0314BC6B-5BB7-4260-BF7C-EC9D07CED87F}.Debug|Any CPU.Build.0 = Debug|Any CPU
		{0314BC6B-5BB7-4260-BF7C-EC9D07CED87F}.Release|Any CPU.ActiveCfg = Release|Any CPU
		{0314BC6B-5BB7-4260-BF7C-EC9D07CED87F}.Release|Any CPU.Build.0 = Release|Any CPU
		{C9EBBF6E-6967-406B-BE1F-76B6E1696F69}.Debug|Any CPU.ActiveCfg = Debug|Any CPU
		{C9EBBF6E-6967-406B-BE1F-76B6E1696F69}.Debug|Any CPU.Build.0 = Debug|Any CPU
		{C9EBBF6E-6967-406B-BE1F-76B6E1696F69}.Release|Any CPU.ActiveCfg = Release|Any CPU
		{C9EBBF6E-6967-406B-BE1F-76B6E1696F69}.Release|Any CPU.Build.0 = Release|Any CPU
	EndGlobalSection
	GlobalSection(SolutionProperties) = preSolution
		HideSolutionNode = FALSE
	EndGlobalSection
EndGlobal
